{
  "name": "@devcodex/capability-graph",
  "version": "1.0.1",
  "lockfileVersion": 3,
  "requires": true,
  "packages": {
    "": {
      "name": "@devcodex/capability-graph",
      "version": "1.0.1",
      "license": "Apache-2.0",
      "dependencies": {
        "bcp-47": "2.1.1",
        "language-subtag-registry": "0.4.2"
      },
      "devDependencies": {
        "@types/node": "22.18.6",
        "typescript": "5.9.2"
      },
      "engines": {
        "node": "^20.19.0 || >=22.12.0"
      }
    },
    "node_modules/@types/node": {
      "version": "22.18.6",
      "resolved": "https://registry.npmjs.org/@types/node/-/node-22.18.6.tgz",
      "integrity": "sha512-r8uszLPpeIWbNKtvWRt/DbVi5zbqZyj1PTmhRMqBMvDnaz1QpmSKujUtJLrqGZeoM8v72MfYggDceY4K1itzWQ==",
      "dev": true,
      "license": "MIT",
      "dependencies": {
        "undici-types": "~6.21.0"
      }
    },
    "node_modules/bcp-47": {
      "version": "2.1.1",
      "resolved": "https://registry.npmjs.org/bcp-47/-/bcp-47-2.1.1.tgz",
      "integrity": "sha512-KLw+H/gd2p4zly1X7Yh/qziuyae5/w/QFnvTng9eZL5fvszL7Whl3MBoWF8yxL7ksUjBfOD+OxkytiqbBpG+Fw==",
      "license": "MIT",
      "dependencies": {
        "is-alphabetical": "^2.0.0",
        "is-alphanumerical": "^2.0.0",
        "is-decimal": "^2.0.0"
      },
      "funding": {
        "type": "github",
        "url": "https://github.com/sponsors/wooorm"
      }
    },
    "node_modules/is-alphabetical": {
      "version": "2.0.1",
      "resolved": "https://registry.npmjs.org/is-alphabetical/-/is-alphabetical-2.0.1.tgz",
      "integrity": "sha512-FWyyY60MeTNyeSRpkM2Iry0G9hpr7/9kD40mD/cGQEuilcZYS4okz8SN2Q6rLCJ8gbCt6fN+rC+6tMGS99LaxQ==",
      "license": "MIT",
      "funding": {
        "type": "github",
        "url": "https://github.com/sponsors/wooorm"
      }
    },
    "node_modules/is-alphanumerical": {
      "version": "2.0.1",
      "resolved": "https://registry.npmjs.org/is-alphanumerical/-/is-alphanumerical-2.0.1.tgz",
      "integrity": "sha512-hmbYhX/9MUMF5uh7tOXyK/n0ZvWpad5caBA17GsC6vyuCqaWliRG5K1qS9inmUhEMaOBIW7/whAnSwveW/LtZw==",
      "license": "MIT",
      "dependencies": {
        "is-alphabetical": "^2.0.0",
        "is-decimal": "^2.0.0"
      },
      "funding": {
        "type": "github",
        "url": "https://github.com/sponsors/wooorm"
      }
    },
    "node_modules/is-decimal": {
      "version": "2.0.1",
      "resolved": "https://registry.npmjs.org/is-decimal/-/is-decimal-2.0.1.tgz",
      "integrity": "sha512-AAB9hiomQs5DXWcRB1rqsxGUstbRroFOPPVAomNk/3XHR5JyEZChOyTWe2oayKnsSsr/kcGqF+z6yuH6HHpN0A==",
      "license": "MIT",
      "funding": {
        "type": "github",
        "url": "https://github.com/sponsors/wooorm"
      }
    },
    "node_modules/language-subtag-registry": {
      "version": "0.4.2",
      "resolved": "https://registry.npmjs.org/language-subtag-registry/-/language-subtag-registry-0.4.2.tgz",
      "integrity": "sha512-d0zcIgHLTw18Z8GB3f3isK8Z6mM5bE0JmGEbzORsC7keOwe5Ex5ifAUBlHey7P7yEVFDyxQHN5+I/oCKKHAJag==",
      "license": "CC0-1.0"
    },
    "node_modules/typescript": {
      "version": "5.9.2",
      "resolved": "https://registry.npmjs.org/typescript/-/typescript-5.9.2.tgz",
      "integrity": "sha512-CWBzXQrc/qOkhidw1OzBTQuYRbfyxDXJMVJ1XNwUHGROVmuaeiEm3OslpZ1RV96d7SKKjZKrSJu3+t/xlw3R9A==",
      "dev": true,
      "license": "Apache-2.0",
      "bin": {
        "tsc": "bin/tsc",
        "tsserver": "bin/tsserver"
      },
      "engines": {
        "node": ">=14.17"
      }
    },
    "node_modules/undici-types": {
      "version": "6.21.0",
      "resolved": "https://registry.npmjs.org/undici-types/-/undici-types-6.21.0.tgz",
      "integrity": "sha512-iwDZqg0QAGrg9Rav5H4n0M64c3mkR59cJ6wQp+7C4nI0gsmExaedaYLNO44eT4AtBBwjbTiGPMlt2Md0T9H9JQ==",
      "dev": true,
      "license": "MIT"
    }
  }
}
